
Microsoft Visual Studio Solution File, Format Version 12.00
# Visual Studio 15
VisualStudioVersion = 15.0.28307.421
MinimumVisualStudioVersion = 10.0.40219.1
Project("{FAE04EC0-301F-11D3-BF4B-00C04F79EFBC}") = "PostComment", "PostComment\PostComment.csproj", "{4F4A70FF-398E-4330-B2F5-6680B32C6CE3}"
EndProject
Project("{FAE04EC0-301F-11D3-BF4B-00C04F79EFBC}") = "ObjectWCF", "ObjectWCF\ObjectWCF.csproj", "{5A96959D-DFD1-44FF-96B0-147D21C4FD50}"
EndProject
Project("{FAE04EC0-301F-11D3-BF4B-00C04F79EFBC}") = "ClientPostComment", "ClientPostComment\ClientPostComment.csproj", "{21FEE7F7-22BD-4E2D-BF7F-A0C965731ED2}"
EndProject
Project("{FAE04EC0-301F-11D3-BF4B-00C04F79EFBC}") = "HostWCF", "HostWCF\HostWCF.csproj", "{45589A09-1ACE-4BB5-86F6-CBDC24F28904}"
EndProject
Global
	GlobalSection(SolutionConfigurationPlatforms) = preSolution
		Debug|Any CPU = Debug|Any CPU
		Release|Any CPU = Release|Any CPU
	EndGlobalSection
	GlobalSection(ProjectConfigurationPlatforms) = postSolution
		{4F4A70FF-398E-4330-B2F5-6680B32C6CE3}.Debug|Any CPU.ActiveCfg = Debug|Any CPU
		{4F4A70FF-398E-4330-B2F5-6680B32C6CE3}.Debug|Any CPU.Build.0 = Debug|Any CPU
		{4F4A70FF-398E-4330-B2F5-6680B32C6CE3}.Release|Any CPU.ActiveCfg = Release|Any CPU
		{4F4A70FF-398E-4330-B2F5-6680B32C6CE3}.Release|Any CPU.Build.0 = Release|Any CPU
		{5A96959D-DFD1-44FF-96B0-147D21C4FD50}.Debug|Any CPU.ActiveCfg = Debug|Any CPU
		{5A96959D-DFD1-44FF-96B0-147D21C4FD50}.Debug|Any CPU.Build.0 = Debug|Any CPU
		{5A96959D-DFD1-44FF-96B0-147D21C4FD50}.Release|Any CPU.ActiveCfg = Release|Any CPU
		{5A96959D-DFD1-44FF-96B0-147D21C4FD50}.Release|Any CPU.Build.0 = Release|Any CPU
		{21FEE7F7-22BD-4E2D-BF7F-A0C965731ED2}.Debug|Any CPU.ActiveCfg = Debug|Any CPU
		{21FEE7F7-22BD-4E2D-BF7F-A0C965731ED2}.Debug|Any CPU.Build.0 = Debug|Any CPU
		{21FEE7F7-22BD-4E2D-BF7F-A0C965731ED2}.Release|Any CPU.ActiveCfg = Release|Any CPU
		{21FEE7F7-22BD-4E2D-BF7F-A0C965731ED2}.Release|Any CPU.Build.0 = Release|Any CPU
		{45589A09-1ACE-4BB5-86F6-CBDC24F28904}.Debug|Any CPU.ActiveCfg = Debug|Any CPU
		{45589A09-1ACE-4BB5-86F6-CBDC24F28904}.Debug|Any CPU.Build.0 = Debug|Any CPU
		{45589A09-1ACE-4BB5-86F6-CBDC24F28904}.Release|Any CPU.ActiveCfg = Release|Any CPU
		{45589A09-1ACE-4BB5-86F6-CBDC24F28904}.Release|Any CPU.Build.0 = Release|Any CPU
	EndGlobalSection
	GlobalSection(SolutionProperties) = preSolution
		HideSolutionNode = FALSE
	EndGlobalSection
	GlobalSection(ExtensibilityGlobals) = postSolution
		SolutionGuid = {BAD145B4-B198-42DC-9A5C-2186C149DD9B}
	EndGlobalSection
EndGlobal
