
Microsoft Visual Studio Solution File, Format Version 12.00
# Visual Studio 15
VisualStudioVersion = 15.0.28307.421
MinimumVisualStudioVersion = 10.0.40219.1
Project("{FAE04EC0-301F-11D3-BF4B-00C04F79EFBC}") = "PersonalCalculator", "PersonalCalculator\PersonalCalculator.csproj", "{6E08CC6A-DB7E-4BDC-B827-33AE3F53A847}"
EndProject
Global
	GlobalSection(SolutionConfigurationPlatforms) = preSolution
		Debug|Any CPU = Debug|Any CPU
		Release|Any CPU = Release|Any CPU
	EndGlobalSection
	GlobalSection(ProjectConfigurationPlatforms) = postSolution
		{6E08CC6A-DB7E-4BDC-B827-33AE3F53A847}.Debug|Any CPU.ActiveCfg = Debug|Any CPU
		{6E08CC6A-DB7E-4BDC-B827-33AE3F53A847}.Debug|Any CPU.Build.0 = Debug|Any CPU
		{6E08CC6A-DB7E-4BDC-B827-33AE3F53A847}.Release|Any CPU.ActiveCfg = Release|Any CPU
		{6E08CC6A-DB7E-4BDC-B827-33AE3F53A847}.Release|Any CPU.Build.0 = Release|Any CPU
	EndGlobalSection
	GlobalSection(SolutionProperties) = preSolution
		HideSolutionNode = FALSE
	EndGlobalSection
	GlobalSection(ExtensibilityGlobals) = postSolution
		SolutionGuid = {57344F0F-8034-40F7-A53B-631505ED01F3}
	EndGlobalSection
EndGlobal
