
Microsoft Visual Studio Solution File, Format Version 12.00
# Visual Studio 15
VisualStudioVersion = 15.0.28307.421
MinimumVisualStudioVersion = 10.0.40219.1
Project("{FAE04EC0-301F-11D3-BF4B-00C04F79EFBC}") = "CarServiceProject", "CarServiceProject\CarServiceProject.csproj", "{DEAC4142-6E59-4B42-AB08-C2523D5B41E1}"
EndProject
Global
	GlobalSection(SolutionConfigurationPlatforms) = preSolution
		Debug|Any CPU = Debug|Any CPU
		Release|Any CPU = Release|Any CPU
	EndGlobalSection
	GlobalSection(ProjectConfigurationPlatforms) = postSolution
		{DEAC4142-6E59-4B42-AB08-C2523D5B41E1}.Debug|Any CPU.ActiveCfg = Debug|Any CPU
		{DEAC4142-6E59-4B42-AB08-C2523D5B41E1}.Debug|Any CPU.Build.0 = Debug|Any CPU
		{DEAC4142-6E59-4B42-AB08-C2523D5B41E1}.Release|Any CPU.ActiveCfg = Release|Any CPU
		{DEAC4142-6E59-4B42-AB08-C2523D5B41E1}.Release|Any CPU.Build.0 = Release|Any CPU
	EndGlobalSection
	GlobalSection(SolutionProperties) = preSolution
		HideSolutionNode = FALSE
	EndGlobalSection
	GlobalSection(ExtensibilityGlobals) = postSolution
		SolutionGuid = {12F34D5C-F077-43F8-A807-68367FE8BF1A}
	EndGlobalSection
EndGlobal
